
Microsoft Visual Studio Solution File, Format Version 12.00
# Visual Studio 15
VisualStudioVersion = 15.0.26430.6
MinimumVisualStudioVersion = 10.0.40219.1
Project("{FAE04EC0-301F-11D3-BF4B-00C04F79EFBC}") = "EventApp", "EventApp\EventApp.csproj", "{E75F8761-CB95-485D-966D-1B6282616356}"
EndProject
Global
	GlobalSection(SolutionConfigurationPlatforms) = preSolution
		Debug|Any CPU = Debug|Any CPU
		Release|Any CPU = Release|Any CPU
	EndGlobalSection
	GlobalSection(ProjectConfigurationPlatforms) = postSolution
		{E75F8761-CB95-485D-966D-1B6282616356}.Debug|Any CPU.ActiveCfg = Debug|Any CPU
		{E75F8761-CB95-485D-966D-1B6282616356}.Debug|Any CPU.Build.0 = Debug|Any CPU
		{E75F8761-CB95-485D-966D-1B6282616356}.Release|Any CPU.ActiveCfg = Release|Any CPU
		{E75F8761-CB95-485D-966D-1B6282616356}.Release|Any CPU.Build.0 = Release|Any CPU
	EndGlobalSection
	GlobalSection(SolutionProperties) = preSolution
		HideSolutionNode = FALSE
	EndGlobalSection
EndGlobal
